
Microsoft Visual Studio Solution File, Format Version 12.00
# Visual Studio Version 16
VisualStudioVersion = 16.0.30011.22
MinimumVisualStudioVersion = 10.0.40219.1
Project("{FAE04EC0-301F-11D3-BF4B-00C04F79EFBC}") = "Contpaqi.Sql.ADD.DocumentContent", "Contpaqi.Sql.ADD.DocumentContent\Contpaqi.Sql.ADD.DocumentContent.csproj", "{8E0E1255-7FDE-4752-B869-A311988D3537}"
EndProject
Global
	GlobalSection(SolutionConfigurationPlatforms) = preSolution
		Debug|Any CPU = Debug|Any CPU
		Release|Any CPU = Release|Any CPU
	EndGlobalSection
	GlobalSection(ProjectConfigurationPlatforms) = postSolution
		{8E0E1255-7FDE-4752-B869-A311988D3537}.Debug|Any CPU.ActiveCfg = Debug|Any CPU
		{8E0E1255-7FDE-4752-B869-A311988D3537}.Debug|Any CPU.Build.0 = Debug|Any CPU
		{8E0E1255-7FDE-4752-B869-A311988D3537}.Release|Any CPU.ActiveCfg = Release|Any CPU
		{8E0E1255-7FDE-4752-B869-A311988D3537}.Release|Any CPU.Build.0 = Release|Any CPU
	EndGlobalSection
	GlobalSection(SolutionProperties) = preSolution
		HideSolutionNode = FALSE
	EndGlobalSection
	GlobalSection(ExtensibilityGlobals) = postSolution
		SolutionGuid = {AC951C1B-5DDE-4CDC-9A0B-510C1D2A4413}
	EndGlobalSection
EndGlobal
